{
  "name": "serverhook",
  "version": "1.0.0",
  "lockfileVersion": 1,
  "dependencies": {
    "cmd-executor": {
      "version": "https://registry.npmjs.org/cmd-executor/-/cmd-executor-1.1.1.tgz",
      "integrity": "sha1-R6O6issIoR8KPH8qXGZn/uEtu0s="
    },
    "cron-parser": {
      "version": "https://registry.npmjs.org/cron-parser/-/cron-parser-2.4.4.tgz",
      "integrity": "sha1-bTt+eP80iojmDYNwl1QHJbd5Qq4="
    },
    "define-properties": {
      "version": "https://registry.npmjs.org/define-properties/-/define-properties-1.1.2.tgz",
      "integrity": "sha1-g6c/L+pWmJj7c3GTyPhzyvbUXJQ="
    },
    "foreach": {
      "version": "https://registry.npmjs.org/foreach/-/foreach-2.0.5.tgz",
      "integrity": "sha1-C+4AUBiusmDQo6865ljdATbsG5k="
    },
    "is-nan": {
      "version": "https://registry.npmjs.org/is-nan/-/is-nan-1.2.1.tgz",
      "integrity": "sha1-n69ltvttskt/XAYoR16nH5iEAeI="
    },
    "long-timeout": {
      "version": "https://registry.npmjs.org/long-timeout/-/long-timeout-0.1.1.tgz",
      "integrity": "sha1-lyHXiLR+C8taJMLivuGg2lXatRQ="
    },
    "moment": {
      "version": "https://registry.npmjs.org/moment/-/moment-2.20.1.tgz",
      "integrity": "sha1-1usaRsvMFKKy+UNBEsH/iQfzE/0="
    },
    "moment-timezone": {
      "version": "https://registry.npmjs.org/moment-timezone/-/moment-timezone-0.5.14.tgz",
      "integrity": "sha1-TrOP+VOLgBCLpGekWPPtQmjM/LE="
    },
    "node-schedule": {
      "version": "1.3.0",
      "resolved": "https://registry.npmjs.org/node-schedule/-/node-schedule-1.3.0.tgz",
      "integrity": "sha512-NNwO9SUPjBwFmPh3vXiPVEhJLn4uqYmZYvJV358SRGM06BR4UoIqxJpeJwDDXB6atULsgQA97MfD1zMd5xsu+A=="
    },
    "object-keys": {
      "version": "https://registry.npmjs.org/object-keys/-/object-keys-1.0.11.tgz",
      "integrity": "sha1-xUYBd4rVYPEULODgG8yotW0TQm0="
    },
    "simple-exec-promise": {
      "version": "https://registry.npmjs.org/simple-exec-promise/-/simple-exec-promise-1.0.1.tgz",
      "integrity": "sha1-+S+KzAdX25suHntdV+Quy/8fim4="
    },
    "sorted-array-functions": {
      "version": "https://registry.npmjs.org/sorted-array-functions/-/sorted-array-functions-1.1.0.tgz",
      "integrity": "sha1-eP5YCP+hvuusLOmiLXYDnavFmf8="
    }
  }
}
